# This file was autogenerated by uv via the following command:
#    uv pip compile requirements-h100.in -o requirements-h100.lock --python-version 3.12 --python-platform linux
-e .
    # via -r requirements-h100.in
-e ../synchrad
    # via -r requirements-h100.in
contourpy==1.3.3
    # via matplotlib
cuda-pathfinder==1.6.0
    # via cupy-cuda12x
cupy-cuda12x==14.1.1
    # via -r requirements-h100.in
cycler==0.12.1
    # via matplotlib
fonttools==4.63.0
    # via matplotlib
h5py==3.16.0
    # via
    #   fbpic
    #   openpmd-viewer
    #   picnostics
    #   synchrad
kiwisolver==1.5.0
    # via matplotlib
llvmlite==0.47.0
    # via numba
mako==1.4.1
    # via synchrad
markupsafe==3.0.3
    # via mako
matplotlib==3.11.1
    # via picnostics
mpmath==1.3.0
    # via sympy
numba==0.65.0
    # via
    #   -r requirements-h100.in
    #   fbpic
numpy==2.4.6
    # via
    #   contourpy
    #   cupy-cuda12x
    #   fbpic
    #   h5py
    #   matplotlib
    #   numba
    #   openpmd-api
    #   openpmd-viewer
    #   pandas
    #   picnostics
    #   pyfftw
    #   pyopencl
    #   scipy
    #   synchrad
    #   unyt
    #   xarray
openpmd-api==0.17.1.post4
    # via -r requirements-h100.in
openpmd-viewer==1.11.0
    # via picnostics
packaging==26.3
    # via
    #   matplotlib
    #   unyt
    #   xarray
pandas==3.0.5
    # via xarray
picnostics @ git+ssh://git@github.com/berceanu/picnostics.git@47b7057247ed354f75b8090f3725d116fec534d6
    # via -r requirements-h100.in
pillow==12.3.0
    # via matplotlib
platformdirs==4.11.1
    # via
    #   pyopencl
    #   pytools
pyfftw==0.15.1
    # via -r requirements-h100.in
pyopencl==2026.1.2
    # via synchrad
pyparsing==3.3.2
    # via matplotlib
python-dateutil==2.9.0.post0
    # via
    #   fbpic
    #   matplotlib
    #   pandas
pytools==2026.1.1
    # via pyopencl
scipy==1.18.0
    # via
    #   fbpic
    #   openpmd-viewer
    #   picnostics
    #   synchrad
siphash24==1.8
    # via pytools
six==1.17.0
    # via python-dateutil
sympy==1.14.0
    # via unyt
tqdm==4.70.0
    # via
    #   openpmd-viewer
    #   synchrad
typing-extensions==4.16.0
    # via
    #   pyopencl
    #   pytools
unyt==3.1.0
    # via picnostics
xarray==2026.7.0
    # via picnostics
